{
  "name": "fail2ban",
  "version": "1.0.2",
  "lockfileVersion": 1,
  "requires": true,
  "dependencies": {
    "coffeescript": {
      "version": "2.3.2",
      "resolved": "https://registry.npmjs.org/coffeescript/-/coffeescript-2.3.2.tgz",
      "integrity": "sha512-YObiFDoukx7qPBi/K0kUKyntEZDfBQiqs/DbrR1xzASKOBjGT7auD85/DiPeRr9k++lRj7l3uA9TNMLfyfcD/Q==",
      "dev": true
    },
    "unpickle": {
      "version": "git+https://github.com/drudrum/node-unpickle.git#6f74890a976005aa21af4c20456f74153ab730f8",
      "from": "git+https://github.com/drudrum/node-unpickle.git"
    }
  }
}
